Microsoft Visual Studio Solution File, Format Version 11.00
# Visual Studio 2008

Project("{EDB39570-CE83-1C7B-DDA0-126414F5F797}") = "AnimFirstTry", "Assembly-CSharp.csproj", "{91A8F20D-58AA-C217-9D7D-F7615172BFC7}"
EndProject
Global
	GlobalSection(SolutionConfigurationPlatforms) = preSolution
		Debug|Any CPU = Debug|Any CPU
		Release|Any CPU = Release|Any CPU
	EndGlobalSection
	GlobalSection(ProjectConfigurationPlatforms) = postSolution
		{91A8F20D-58AA-C217-9D7D-F7615172BFC7}.Debug|Any CPU.ActiveCfg = Debug|Any CPU
		{91A8F20D-58AA-C217-9D7D-F7615172BFC7}.Debug|Any CPU.Build.0 = Debug|Any CPU
		{91A8F20D-58AA-C217-9D7D-F7615172BFC7}.Release|Any CPU.ActiveCfg = Release|Any CPU
		{91A8F20D-58AA-C217-9D7D-F7615172BFC7}.Release|Any CPU.Build.0 = Release|Any CPU
	EndGlobalSection
	GlobalSection(SolutionProperties) = preSolution
		HideSolutionNode = FALSE
	EndGlobalSection
	GlobalSection(MonoDevelopProperties) = preSolution
		StartupItem = Assembly-CSharp.csproj
	EndGlobalSection
EndGlobal
